
Microsoft Visual Studio Solution File, Format Version 12.00
# Visual Studio Version 16
VisualStudioVersion = 16.0.30717.126
MinimumVisualStudioVersion = 10.0.40219.1
Project("{FAE04EC0-301F-11D3-BF4B-00C04F79EFBC}") = "ClientRest_20180140072_Nuraini", "ClientRest_20180140072_Nuraini\ClientRest_20180140072_Nuraini.csproj", "{2038177B-483C-4BBE-871C-F4B9E0655D8C}"
EndProject
Global
	GlobalSection(SolutionConfigurationPlatforms) = preSolution
		Debug|Any CPU = Debug|Any CPU
		Release|Any CPU = Release|Any CPU
	EndGlobalSection
	GlobalSection(ProjectConfigurationPlatforms) = postSolution
		{2038177B-483C-4BBE-871C-F4B9E0655D8C}.Debug|Any CPU.ActiveCfg = Debug|Any CPU
		{2038177B-483C-4BBE-871C-F4B9E0655D8C}.Debug|Any CPU.Build.0 = Debug|Any CPU
		{2038177B-483C-4BBE-871C-F4B9E0655D8C}.Release|Any CPU.ActiveCfg = Release|Any CPU
		{2038177B-483C-4BBE-871C-F4B9E0655D8C}.Release|Any CPU.Build.0 = Release|Any CPU
	EndGlobalSection
	GlobalSection(SolutionProperties) = preSolution
		HideSolutionNode = FALSE
	EndGlobalSection
	GlobalSection(ExtensibilityGlobals) = postSolution
		SolutionGuid = {58BAA323-74A6-4A90-A00B-8E1567519BC2}
	EndGlobalSection
EndGlobal
